// !$*UTF8*$!
{
	archiveVersion = 1;
	classes = {
	};
	objectVersion = 50;
	objects = {

/* Begin PBXBuildFile section */
		BC434DD422C940C80025CDBB /* AppDelegate.swift in Sources */ = {isa = PBXBuildFile; fileRef = BC434DD322C940C80025CDBB /* AppDelegate.swift */; };
		BC434DD622C940C80025CDBB /* ViewController.swift in Sources */ = {isa = PBXBuildFile; fileRef = BC434DD522C940C80025CDBB /* ViewController.swift */; };
		BC434DD922C940C80025CDBB /* Main.storyboard in Resources */ = {isa = PBXBuildFile; fileRef = BC434DD722C940C80025CDBB /* Main.storyboard */; };
		BC434DDC22C940C80025CDBB /* TesteCardsPigs.xcdatamodeld in Sources */ = {isa = PBXBuildFile; fileRef = BC434DDA22C940C80025CDBB /* TesteCardsPigs.xcdatamodeld */; };
		BC434DE122C940C90025CDBB /* LaunchScreen.storyboard in Resources */ = {isa = PBXBuildFile; fileRef = BC434DDF22C940C90025CDBB /* LaunchScreen.storyboard */; };
		BC434DEA22CA7A590025CDBB /* Porco+CoreDataClass.swift in Sources */ = {isa = PBXBuildFile; fileRef = BC434DE822CA7A590025CDBB /* Porco+CoreDataClass.swift */; };
		BC434DEB22CA7A590025CDBB /* Porco+CoreDataProperties.swift in Sources */ = {isa = PBXBuildFile; fileRef = BC434DE922CA7A590025CDBB /* Porco+CoreDataProperties.swift */; };
		BC434DED22CA7E020025CDBB /* PorcoCollectionViewCell.swift in Sources */ = {isa = PBXBuildFile; fileRef = BC434DEC22CA7E020025CDBB /* PorcoCollectionViewCell.swift */; };
		BC434DEF22CA7F110025CDBB /* PorcoCollectionViewController.swift in Sources */ = {isa = PBXBuildFile; fileRef = BC434DEE22CA7F110025CDBB /* PorcoCollectionViewController.swift */; };
		BCBE16D422CD331000A86C7A /* RegisterPig.swift in Sources */ = {isa = PBXBuildFile; fileRef = BCBE16D322CD331000A86C7A /* RegisterPig.swift */; };
		BCC6D6E122E0F2730007120F /* NeverFoodViewController.swift in Sources */ = {isa = PBXBuildFile; fileRef = BCC6D6E022E0F2730007120F /* NeverFoodViewController.swift */; };
		BCC6D6E322E0F5220007120F /* NeverFoodCell.swift in Sources */ = {isa = PBXBuildFile; fileRef = BCC6D6E222E0F5220007120F /* NeverFoodCell.swift */; };
		BCF624F722DBA6280065EDF7 /* RoundView.swift in Sources */ = {isa = PBXBuildFile; fileRef = BCF624F622DBA6280065EDF7 /* RoundView.swift */; };
		BCF624F922DBB14C0065EDF7 /* Assets.xcassets in Resources */ = {isa = PBXBuildFile; fileRef = BCF624F822DBB14C0065EDF7 /* Assets.xcassets */; };
		BCF6250D22DD4D130065EDF7 /* FoodTwoTableViewController.swift in Sources */ = {isa = PBXBuildFile; fileRef = BCF6250C22DD4D130065EDF7 /* FoodTwoTableViewController.swift */; };
		BCF6250F22DD4DA20065EDF7 /* FoodTwoCell.swift in Sources */ = {isa = PBXBuildFile; fileRef = BCF6250E22DD4DA20065EDF7 /* FoodTwoCell.swift */; };
		BCF6251222DF9C080065EDF7 /* AllDayFoodViewController.swift in Sources */ = {isa = PBXBuildFile; fileRef = BCF6251122DF9C080065EDF7 /* AllDayFoodViewController.swift */; };
		BCF6251422DF9C670065EDF7 /* AllDayFoodCell.swift in Sources */ = {isa = PBXBuildFile; fileRef = BCF6251322DF9C670065EDF7 /* AllDayFoodCell.swift */; };
/* End PBXBuildFile section */

/* Begin PBXFileReference section */
		BC434DD022C940C80025CDBB /* GuineaLife.app */ = {isa = PBXFileReference; explicitFileType = wrapper.application; includeInIndex = 0; path = GuineaLife.app; sourceTree = BUILT_PRODUCTS_DIR; };
		BC434DD322C940C80025CDBB /* AppDelegate.swift */ = {isa = PBXFileReference; lastKnownFileType = sourcecode.swift; path = AppDelegate.swift; sourceTree = "<group>"; };
		BC434DD522C940C80025CDBB /* ViewController.swift */ = {isa = PBXFileReference; lastKnownFileType = sourcecode.swift; path = ViewController.swift; sourceTree = "<group>"; };
		BC434DD822C940C80025CDBB /* Base */ = {isa = PBXFileReference; lastKnownFileType = file.storyboard; name = Base; path = Base.lproj/Main.storyboard; sourceTree = "<group>"; };
		BC434DDB22C940C80025CDBB /* TesteCardsPigs.xcdatamodel */ = {isa = PBXFileReference; lastKnownFileType = wrapper.xcdatamodel; path = TesteCardsPigs.xcdatamodel; sourceTree = "<group>"; };
		BC434DE022C940C90025CDBB /* Base */ = {isa = PBXFileReference; lastKnownFileType = file.storyboard; name = Base; path = Base.lproj/LaunchScreen.storyboard; sourceTree = "<group>"; };
		BC434DE222C940C90025CDBB /* Info.plist */ = {isa = PBXFileReference; lastKnownFileType = text.plist.xml; path = Info.plist; sourceTree = "<group>"; };
		BC434DE822CA7A590025CDBB /* Porco+CoreDataClass.swift */ = {isa = PBXFileReference; lastKnownFileType = sourcecode.swift; path = "Porco+CoreDataClass.swift"; sourceTree = "<group>"; };
		BC434DE922CA7A590025CDBB /* Porco+CoreDataProperties.swift */ = {isa = PBXFileReference; lastKnownFileType = sourcecode.swift; path = "Porco+CoreDataProperties.swift"; sourceTree = "<group>"; };
		BC434DEC22CA7E020025CDBB /* PorcoCollectionViewCell.swift */ = {isa = PBXFileReference; lastKnownFileType = sourcecode.swift; path = PorcoCollectionViewCell.swift; sourceTree = "<group>"; };
		BC434DEE22CA7F110025CDBB /* PorcoCollectionViewController.swift */ = {isa = PBXFileReference; lastKnownFileType = sourcecode.swift; path = PorcoCollectionViewController.swift; sourceTree = "<group>"; };
		BCBE16D322CD331000A86C7A /* RegisterPig.swift */ = {isa = PBXFileReference; lastKnownFileType = sourcecode.swift; path = RegisterPig.swift; sourceTree = "<group>"; };
		BCC6D6E022E0F2730007120F /* NeverFoodViewController.swift */ = {isa = PBXFileReference; lastKnownFileType = sourcecode.swift; path = NeverFoodViewController.swift; sourceTree = "<group>"; };
		BCC6D6E222E0F5220007120F /* NeverFoodCell.swift */ = {isa = PBXFileReference; lastKnownFileType = sourcecode.swift; path = NeverFoodCell.swift; sourceTree = "<group>"; };
		BCF624F622DBA6280065EDF7 /* RoundView.swift */ = {isa = PBXFileReference; lastKnownFileType = sourcecode.swift; path = RoundView.swift; sourceTree = "<group>"; };
		BCF624F822DBB14C0065EDF7 /* Assets.xcassets */ = {isa = PBXFileReference; lastKnownFileType = folder.assetcatalog; path = Assets.xcassets; sourceTree = "<group>"; };
		BCF624FC22DD39390065EDF7 /* RoundButton.swift */ = {isa = PBXFileReference; lastKnownFileType = sourcecode.swift; path = RoundButton.swift; sourceTree = "<group>"; };
		BCF6250C22DD4D130065EDF7 /* FoodTwoTableViewController.swift */ = {isa = PBXFileReference; lastKnownFileType = sourcecode.swift; path = FoodTwoTableViewController.swift; sourceTree = "<group>"; };
		BCF6250E22DD4DA20065EDF7 /* FoodTwoCell.swift */ = {isa = PBXFileReference; lastKnownFileType = sourcecode.swift; path = FoodTwoCell.swift; sourceTree = "<group>"; };
		BCF6251122DF9C080065EDF7 /* AllDayFoodViewController.swift */ = {isa = PBXFileReference; lastKnownFileType = sourcecode.swift; path = AllDayFoodViewController.swift; sourceTree = "<group>"; };
		BCF6251322DF9C670065EDF7 /* AllDayFoodCell.swift */ = {isa = PBXFileReference; lastKnownFileType = sourcecode.swift; path = AllDayFoodCell.swift; sourceTree = "<group>"; };
/* End PBXFileReference section */

/* Begin PBXFrameworksBuildPhase section */
		BC434DCD22C940C80025CDBB /* Frameworks */ = {
			isa = PBXFrameworksBuildPhase;
			buildActionMask = 2147483647;
			files = (
			);
			runOnlyForDeploymentPostprocessing = 0;
		};
/* End PBXFrameworksBuildPhase section */

/* Begin PBXGroup section */
		BC434DC722C940C80025CDBB = {
			isa = PBXGroup;
			children = (
				BC434DE822CA7A590025CDBB /* Porco+CoreDataClass.swift */,
				BC434DE922CA7A590025CDBB /* Porco+CoreDataProperties.swift */,
				BCF624FF22DD396D0065EDF7 /* 2xFood */,
				BCF6251022DF982A0065EDF7 /* AllDayFood */,
				BCC6D6DF22E0F2580007120F /* NeverFood */,
				BCF624FB22DD392D0065EDF7 /* RoundedClasses */,
				BC434DD222C940C80025CDBB /* GuineaLife */,
				BC434DD122C940C80025CDBB /* Products */,
			);
			sourceTree = "<group>";
		};
		BC434DD122C940C80025CDBB /* Products */ = {
			isa = PBXGroup;
			children = (
				BC434DD022C940C80025CDBB /* GuineaLife.app */,
			);
			name = Products;
			sourceTree = "<group>";
		};
		BC434DD222C940C80025CDBB /* GuineaLife */ = {
			isa = PBXGroup;
			children = (
				BC434DD322C940C80025CDBB /* AppDelegate.swift */,
				BC434DD522C940C80025CDBB /* ViewController.swift */,
				BC434DD722C940C80025CDBB /* Main.storyboard */,
				BC434DEC22CA7E020025CDBB /* PorcoCollectionViewCell.swift */,
				BCBE16D322CD331000A86C7A /* RegisterPig.swift */,
				BC434DEE22CA7F110025CDBB /* PorcoCollectionViewController.swift */,
				BCF624F822DBB14C0065EDF7 /* Assets.xcassets */,
				BC434DDA22C940C80025CDBB /* TesteCardsPigs.xcdatamodeld */,
				BC434DDF22C940C90025CDBB /* LaunchScreen.storyboard */,
				BC434DE222C940C90025CDBB /* Info.plist */,
			);
			path = GuineaLife;
			sourceTree = "<group>";
		};
		BCC6D6DF22E0F2580007120F /* NeverFood */ = {
			isa = PBXGroup;
			children = (
				BCC6D6E022E0F2730007120F /* NeverFoodViewController.swift */,
				BCC6D6E222E0F5220007120F /* NeverFoodCell.swift */,
			);
			path = NeverFood;
			sourceTree = "<group>";
		};
		BCF624FB22DD392D0065EDF7 /* RoundedClasses */ = {
			isa = PBXGroup;
			children = (
				BCF624FC22DD39390065EDF7 /* RoundButton.swift */,
				BCF624F622DBA6280065EDF7 /* RoundView.swift */,
			);
			path = RoundedClasses;
			sourceTree = "<group>";
		};
		BCF624FF22DD396D0065EDF7 /* 2xFood */ = {
			isa = PBXGroup;
			children = (
				BCF6250C22DD4D130065EDF7 /* FoodTwoTableViewController.swift */,
				BCF6250E22DD4DA20065EDF7 /* FoodTwoCell.swift */,
			);
			path = 2xFood;
			sourceTree = "<group>";
		};
		BCF6251022DF982A0065EDF7 /* AllDayFood */ = {
			isa = PBXGroup;
			children = (
				BCF6251122DF9C080065EDF7 /* AllDayFoodViewController.swift */,
				BCF6251322DF9C670065EDF7 /* AllDayFoodCell.swift */,
			);
			path = AllDayFood;
			sourceTree = "<group>";
		};
/* End PBXGroup section */

/* Begin PBXNativeTarget section */
		BC434DCF22C940C80025CDBB /* GuineaLife */ = {
			isa = PBXNativeTarget;
			buildConfigurationList = BC434DE522C940C90025CDBB /* Build configuration list for PBXNativeTarget "GuineaLife" */;
			buildPhases = (
				BC434DCC22C940C80025CDBB /* Sources */,
				BC434DCD22C940C80025CDBB /* Frameworks */,
				BC434DCE22C940C80025CDBB /* Resources */,
			);
			buildRules = (
			);
			dependencies = (
			);
			name = GuineaLife;
			productName = TesteCardsPigs;
			productReference = BC434DD022C940C80025CDBB /* GuineaLife.app */;
			productType = "com.apple.product-type.application";
		};
/* End PBXNativeTarget section */

/* Begin PBXProject section */
		BC434DC822C940C80025CDBB /* Project object */ = {
			isa = PBXProject;
			attributes = {
				LastSwiftUpdateCheck = 1020;
				LastUpgradeCheck = 1020;
				ORGANIZATIONNAME = "Guilherme Enes";
				TargetAttributes = {
					BC434DCF22C940C80025CDBB = {
						CreatedOnToolsVersion = 10.2.1;
					};
				};
			};
			buildConfigurationList = BC434DCB22C940C80025CDBB /* Build configuration list for PBXProject "GuineaLife" */;
			compatibilityVersion = "Xcode 9.3";
			developmentRegion = en;
			hasScannedForEncodings = 0;
			knownRegions = (
				en,
				Base,
			);
			mainGroup = BC434DC722C940C80025CDBB;
			productRefGroup = BC434DD122C940C80025CDBB /* Products */;
			projectDirPath = "";
			projectRoot = "";
			targets = (
				BC434DCF22C940C80025CDBB /* GuineaLife */,
			);
		};
/* End PBXProject section */

/* Begin PBXResourcesBuildPhase section */
		BC434DCE22C940C80025CDBB /* Resources */ = {
			isa = PBXResourcesBuildPhase;
			buildActionMask = 2147483647;
			files = (
				BC434DE122C940C90025CDBB /* LaunchScreen.storyboard in Resources */,
				BCF624F922DBB14C0065EDF7 /* Assets.xcassets in Resources */,
				BC434DD922C940C80025CDBB /* Main.storyboard in Resources */,
			);
			runOnlyForDeploymentPostprocessing = 0;
		};
/* End PBXResourcesBuildPhase section */

/* Begin PBXSourcesBuildPhase section */
		BC434DCC22C940C80025CDBB /* Sources */ = {
			isa = PBXSourcesBuildPhase;
			buildActionMask = 2147483647;
			files = (
				BCF6251222DF9C080065EDF7 /* AllDayFoodViewController.swift in Sources */,
				BCC6D6E322E0F5220007120F /* NeverFoodCell.swift in Sources */,
				BCF6251422DF9C670065EDF7 /* AllDayFoodCell.swift in Sources */,
				BC434DD622C940C80025CDBB /* ViewController.swift in Sources */,
				BCF6250D22DD4D130065EDF7 /* FoodTwoTableViewController.swift in Sources */,
				BCBE16D422CD331000A86C7A /* RegisterPig.swift in Sources */,
				BC434DDC22C940C80025CDBB /* TesteCardsPigs.xcdatamodeld in Sources */,
				BC434DED22CA7E020025CDBB /* PorcoCollectionViewCell.swift in Sources */,
				BC434DD422C940C80025CDBB /* AppDelegate.swift in Sources */,
				BC434DEF22CA7F110025CDBB /* PorcoCollectionViewController.swift in Sources */,
				BCC6D6E122E0F2730007120F /* NeverFoodViewController.swift in Sources */,
				BC434DEB22CA7A590025CDBB /* Porco+CoreDataProperties.swift in Sources */,
				BC434DEA22CA7A590025CDBB /* Porco+CoreDataClass.swift in Sources */,
				BCF6250F22DD4DA20065EDF7 /* FoodTwoCell.swift in Sources */,
				BCF624F722DBA6280065EDF7 /* RoundView.swift in Sources */,
			);
			runOnlyForDeploymentPostprocessing = 0;
		};
/* End PBXSourcesBuildPhase section */

/* Begin PBXVariantGroup section */
		BC434DD722C940C80025CDBB /* Main.storyboard */ = {
			isa = PBXVariantGroup;
			children = (
				BC434DD822C940C80025CDBB /* Base */,
			);
			name = Main.storyboard;
			sourceTree = "<group>";
		};
		BC434DDF22C940C90025CDBB /* LaunchScreen.storyboard */ = {
			isa = PBXVariantGroup;
			children = (
				BC434DE022C940C90025CDBB /* Base */,
			);
			name = LaunchScreen.storyboard;
			sourceTree = "<group>";
		};
/* End PBXVariantGroup section */

/* Begin XCBuildConfiguration section */
		BC434DE322C940C90025CDBB /* Debug */ = {
			isa = XCBuildConfiguration;
			buildSettings = {
				ALWAYS_SEARCH_USER_PATHS = NO;
				CLANG_ANALYZER_NONNULL = YES;
				CLANG_ANALYZER_NUMBER_OBJECT_CONVERSION = YES_AGGRESSIVE;
				CLANG_CXX_LANGUAGE_STANDARD = "gnu++14";
				CLANG_CXX_LIBRARY = "libc++";
				CLANG_ENABLE_MODULES = YES;
				CLANG_ENABLE_OBJC_ARC = YES;
				CLANG_ENABLE_OBJC_WEAK = YES;
				CLANG_WARN_BLOCK_CAPTURE_AUTORELEASING = YES;
				CLANG_WARN_BOOL_CONVERSION = YES;
				CLANG_WARN_COMMA = YES;
				CLANG_WARN_CONSTANT_CONVERSION = YES;
				CLANG_WARN_DEPRECATED_OBJC_IMPLEMENTATIONS = YES;
				CLANG_WARN_DIRECT_OBJC_ISA_USAGE = YES_ERROR;
				CLANG_WARN_DOCUMENTATION_COMMENTS = YES;
				CLANG_WARN_EMPTY_BODY = YES;
				CLANG_WARN_ENUM_CONVERSION = YES;
				CLANG_WARN_INFINITE_RECURSION = YES;
				CLANG_WARN_INT_CONVERSION = YES;
				CLANG_WARN_NON_LITERAL_NULL_CONVERSION = YES;
				CLANG_WARN_OBJC_IMPLICIT_RETAIN_SELF = YES;
				CLANG_WARN_OBJC_LITERAL_CONVERSION = YES;
				CLANG_WARN_OBJC_ROOT_CLASS = YES_ERROR;
				CLANG_WARN_RANGE_LOOP_ANALYSIS = YES;
				CLANG_WARN_STRICT_PROTOTYPES = YES;
				CLANG_WARN_SUSPICIOUS_MOVE = YES;
				CLANG_WARN_UNGUARDED_AVAILABILITY = YES_AGGRESSIVE;
				CLANG_WARN_UNREACHABLE_CODE = YES;
				CLANG_WARN__DUPLICATE_METHOD_MATCH = YES;
				CODE_SIGN_IDENTITY = "iPhone Developer";
				COPY_PHASE_STRIP = NO;
				DEBUG_INFORMATION_FORMAT = dwarf;
				ENABLE_STRICT_OBJC_MSGSEND = YES;
				ENABLE_TESTABILITY = YES;
				GCC_C_LANGUAGE_STANDARD = gnu11;
				GCC_DYNAMIC_NO_PIC = NO;
				GCC_NO_COMMON_BLOCKS = YES;
				GCC_OPTIMIZATION_LEVEL = 0;
				GCC_PREPROCESSOR_DEFINITIONS = (
					"DEBUG=1",
					"$(inherited)",
				);
				GCC_WARN_64_TO_32_BIT_CONVERSION = YES;
				GCC_WARN_ABOUT_RETURN_TYPE = YES_ERROR;
				GCC_WARN_UNDECLARED_SELECTOR = YES;
				GCC_WARN_UNINITIALIZED_AUTOS = YES_AGGRESSIVE;
				GCC_WARN_UNUSED_FUNCTION = YES;
				GCC_WARN_UNUSED_VARIABLE = YES;
				IPHONEOS_DEPLOYMENT_TARGET = 12.2;
				MTL_ENABLE_DEBUG_INFO = INCLUDE_SOURCE;
				MTL_FAST_MATH = YES;
				ONLY_ACTIVE_ARCH = YES;
				SDKROOT = iphoneos;
				SWIFT_ACTIVE_COMPILATION_CONDITIONS = DEBUG;
				SWIFT_OPTIMIZATION_LEVEL = "-Onone";
			};
			name = Debug;
		};
		BC434DE422C940C90025CDBB /* Release */ = {
			isa = XCBuildConfiguration;
			buildSettings = {
				ALWAYS_SEARCH_USER_PATHS = NO;
				CLANG_ANALYZER_NONNULL = YES;
				CLANG_ANALYZER_NUMBER_OBJECT_CONVERSION = YES_AGGRESSIVE;
				CLANG_CXX_LANGUAGE_STANDARD = "gnu++14";
				CLANG_CXX_LIBRARY = "libc++";
				CLANG_ENABLE_MODULES = YES;
				CLANG_ENABLE_OBJC_ARC = YES;
				CLANG_ENABLE_OBJC_WEAK = YES;
				CLANG_WARN_BLOCK_CAPTURE_AUTORELEASING = YES;
				CLANG_WARN_BOOL_CONVERSION = YES;
				CLANG_WARN_COMMA = YES;
				CLANG_WARN_CONSTANT_CONVERSION = YES;
				CLANG_WARN_DEPRECATED_OBJC_IMPLEMENTATIONS = YES;
				CLANG_WARN_DIRECT_OBJC_ISA_USAGE = YES_ERROR;
				CLANG_WARN_DOCUMENTATION_COMMENTS = YES;
				CLANG_WARN_EMPTY_BODY = YES;
				CLANG_WARN_ENUM_CONVERSION = YES;
				CLANG_WARN_INFINITE_RECURSION = YES;
				CLANG_WARN_INT_CONVERSION = YES;
				CLANG_WARN_NON_LITERAL_NULL_CONVERSION = YES;
				CLANG_WARN_OBJC_IMPLICIT_RETAIN_SELF = YES;
				CLANG_WARN_OBJC_LITERAL_CONVERSION = YES;
				CLANG_WARN_OBJC_ROOT_CLASS = YES_ERROR;
				CLANG_WARN_RANGE_LOOP_ANALYSIS = YES;
				CLANG_WARN_STRICT_PROTOTYPES = YES;
				CLANG_WARN_SUSPICIOUS_MOVE = YES;
				CLANG_WARN_UNGUARDED_AVAILABILITY = YES_AGGRESSIVE;
				CLANG_WARN_UNREACHABLE_CODE = YES;
				CLANG_WARN__DUPLICATE_METHOD_MATCH = YES;
				CODE_SIGN_IDENTITY = "iPhone Developer";
				COPY_PHASE_STRIP = NO;
				DEBUG_INFORMATION_FORMAT = "dwarf-with-dsym";
				ENABLE_NS_ASSERTIONS = NO;
				ENABLE_STRICT_OBJC_MSGSEND = YES;
				GCC_C_LANGUAGE_STANDARD = gnu11;
				GCC_NO_COMMON_BLOCKS = YES;
				GCC_WARN_64_TO_32_BIT_CONVERSION = YES;
				GCC_WARN_ABOUT_RETURN_TYPE = YES_ERROR;
				GCC_WARN_UNDECLARED_SELECTOR = YES;
				GCC_WARN_UNINITIALIZED_AUTOS = YES_AGGRESSIVE;
				GCC_WARN_UNUSED_FUNCTION = YES;
				GCC_WARN_UNUSED_VARIABLE = YES;
				IPHONEOS_DEPLOYMENT_TARGET = 12.2;
				MTL_ENABLE_DEBUG_INFO = NO;
				MTL_FAST_MATH = YES;
				SDKROOT = iphoneos;
				SWIFT_COMPILATION_MODE = wholemodule;
				SWIFT_OPTIMIZATION_LEVEL = "-O";
				VALIDATE_PRODUCT = YES;
			};
			name = Release;
		};
		BC434DE622C940C90025CDBB /* Debug */ = {
			isa = XCBuildConfiguration;
			buildSettings = {
				ASSETCATALOG_COMPILER_APPICON_NAME = AppIcon;
				CODE_SIGN_STYLE = Automatic;
				DEVELOPMENT_TEAM = V894BS73ZJ;
				INFOPLIST_FILE = GuineaLife/Info.plist;
				LD_RUNPATH_SEARCH_PATHS = (
					"$(inherited)",
					"@executable_path/Frameworks",
				);
				PRODUCT_BUNDLE_IDENTIFIER = br.enes.GuineaLife;
				PRODUCT_NAME = "$(TARGET_NAME)";
				SWIFT_VERSION = 5.0;
				TARGETED_DEVICE_FAMILY = "1,2";
			};
			name = Debug;
		};
		BC434DE722C940C90025CDBB /* Release */ = {
			isa = XCBuildConfiguration;
			buildSettings = {
				ASSETCATALOG_COMPILER_APPICON_NAME = AppIcon;
				CODE_SIGN_STYLE = Automatic;
				DEVELOPMENT_TEAM = V894BS73ZJ;
				INFOPLIST_FILE = GuineaLife/Info.plist;
				LD_RUNPATH_SEARCH_PATHS = (
					"$(inherited)",
					"@executable_path/Frameworks",
				);
				PRODUCT_BUNDLE_IDENTIFIER = br.enes.GuineaLife;
				PRODUCT_NAME = "$(TARGET_NAME)";
				SWIFT_VERSION = 5.0;
				TARGETED_DEVICE_FAMILY = "1,2";
			};
			name = Release;
		};
/* End XCBuildConfiguration section */

/* Begin XCConfigurationList section */
		BC434DCB22C940C80025CDBB /* Build configuration list for PBXProject "GuineaLife" */ = {
			isa = XCConfigurationList;
			buildConfigurations = (
				BC434DE322C940C90025CDBB /* Debug */,
				BC434DE422C940C90025CDBB /* Release */,
			);
			defaultConfigurationIsVisible = 0;
			defaultConfigurationName = Release;
		};
		BC434DE522C940C90025CDBB /* Build configuration list for PBXNativeTarget "GuineaLife" */ = {
			isa = XCConfigurationList;
			buildConfigurations = (
				BC434DE622C940C90025CDBB /* Debug */,
				BC434DE722C940C90025CDBB /* Release */,
			);
			defaultConfigurationIsVisible = 0;
			defaultConfigurationName = Release;
		};
/* End XCConfigurationList section */

/* Begin XCVersionGroup section */
		BC434DDA22C940C80025CDBB /* TesteCardsPigs.xcdatamodeld */ = {
			isa = XCVersionGroup;
			children = (
				BC434DDB22C940C80025CDBB /* TesteCardsPigs.xcdatamodel */,
			);
			currentVersion = BC434DDB22C940C80025CDBB /* TesteCardsPigs.xcdatamodel */;
			path = TesteCardsPigs.xcdatamodeld;
			sourceTree = "<group>";
			versionGroupType = wrapper.xcdatamodel;
		};
/* End XCVersionGroup section */
	};
	rootObject = BC434DC822C940C80025CDBB /* Project object */;
}
